// !$*UTF8*$!
{
	archiveVersion = 1;
	classes = {
	};
	objectVersion = 55;
	objects = {

/* Begin PBXBuildFile section */
		A51BEE0128254DD800703E52 /* PictureIngredientInstances.swift in Sources */ = {isa = PBXBuildFile; fileRef = A51BEE0028254DD800703E52 /* PictureIngredientInstances.swift */; };
		A57B9AAC2822C33B00F93329 /* AppDelegate.swift in Sources */ = {isa = PBXBuildFile; fileRef = A57B9AAB2822C33B00F93329 /* AppDelegate.swift */; };
		A57B9AAE2822C33B00F93329 /* SceneDelegate.swift in Sources */ = {isa = PBXBuildFile; fileRef = A57B9AAD2822C33B00F93329 /* SceneDelegate.swift */; };
		A57B9AB02822C33B00F93329 /* ViewController.swift in Sources */ = {isa = PBXBuildFile; fileRef = A57B9AAF2822C33B00F93329 /* ViewController.swift */; };
		A57B9AB32822C33B00F93329 /* Main.storyboard in Resources */ = {isa = PBXBuildFile; fileRef = A57B9AB12822C33B00F93329 /* Main.storyboard */; };
		A57B9AB52822C33C00F93329 /* Assets.xcassets in Resources */ = {isa = PBXBuildFile; fileRef = A57B9AB42822C33C00F93329 /* Assets.xcassets */; };
		A57B9AB82822C33C00F93329 /* LaunchScreen.storyboard in Resources */ = {isa = PBXBuildFile; fileRef = A57B9AB62822C33C00F93329 /* LaunchScreen.storyboard */; };
		A5818B27282512B800EB11AB /* Network.swift in Sources */ = {isa = PBXBuildFile; fileRef = A5818B25282512B800EB11AB /* Network.swift */; };
		A5818B28282512B800EB11AB /* NetworkError.swift in Sources */ = {isa = PBXBuildFile; fileRef = A5818B26282512B800EB11AB /* NetworkError.swift */; };
		A5818B3C2825143600EB11AB /* PictureIngredientRepositoryTests.swift in Sources */ = {isa = PBXBuildFile; fileRef = A5818B3B2825143600EB11AB /* PictureIngredientRepositoryTests.swift */; };
		A5818B3E2825161100EB11AB /* RxBlocking in Frameworks */ = {isa = PBXBuildFile; productRef = A5818B3D2825161100EB11AB /* RxBlocking */; };
		A5818B402825161100EB11AB /* RxCocoa in Frameworks */ = {isa = PBXBuildFile; productRef = A5818B3F2825161100EB11AB /* RxCocoa */; };
		A5818B422825161100EB11AB /* RxRelay in Frameworks */ = {isa = PBXBuildFile; productRef = A5818B412825161100EB11AB /* RxRelay */; };
		A5818B442825161100EB11AB /* RxSwift in Frameworks */ = {isa = PBXBuildFile; productRef = A5818B432825161100EB11AB /* RxSwift */; };
		A5818B462825161100EB11AB /* RxTest in Frameworks */ = {isa = PBXBuildFile; productRef = A5818B452825161100EB11AB /* RxTest */; };
		A5818B48282516B600EB11AB /* PictureIngredientUseCaseTests.swift in Sources */ = {isa = PBXBuildFile; fileRef = A5818B47282516B600EB11AB /* PictureIngredientUseCaseTests.swift */; };
		A5818B4C2825179000EB11AB /* DevInstances.swift in Sources */ = {isa = PBXBuildFile; fileRef = A5818B4B2825179000EB11AB /* DevInstances.swift */; };
		A5CD36DA2824EA3700A96B3E /* RxCocoa in Frameworks */ = {isa = PBXBuildFile; productRef = A5CD36D92824EA3700A96B3E /* RxCocoa */; };
		A5CD36DC2824EA3700A96B3E /* RxRelay in Frameworks */ = {isa = PBXBuildFile; productRef = A5CD36DB2824EA3700A96B3E /* RxRelay */; };
		A5CD36DE2824EA3700A96B3E /* RxSwift in Frameworks */ = {isa = PBXBuildFile; productRef = A5CD36DD2824EA3700A96B3E /* RxSwift */; };
		A5CD36E02824EB3F00A96B3E /* PictureIngredientRepositoryProtocol.swift in Sources */ = {isa = PBXBuildFile; fileRef = A5078DFC2824AD3700CBC26B /* PictureIngredientRepositoryProtocol.swift */; };
		A5CD36E12824EB3F00A96B3E /* PictureIngredientDataStore.swift in Sources */ = {isa = PBXBuildFile; fileRef = A5283E752824D07300761679 /* PictureIngredientDataStore.swift */; };
		A5CD36E22824EB3F00A96B3E /* AnalyzePictureUseCaseProtocol.swift in Sources */ = {isa = PBXBuildFile; fileRef = A5283E792824D6B500761679 /* AnalyzePictureUseCaseProtocol.swift */; };
		A5CD36E42824EB3F00A96B3E /* AnalyzePictureUseCase.swift in Sources */ = {isa = PBXBuildFile; fileRef = A5283E7B2824D81600761679 /* AnalyzePictureUseCase.swift */; };
		A5CD36E52824EB3F00A96B3E /* Ingredient.swift in Sources */ = {isa = PBXBuildFile; fileRef = A5078E142824B43100CBC26B /* Ingredient.swift */; };
		A5CD36E62824EB3F00A96B3E /* PictureIngredientRepository.swift in Sources */ = {isa = PBXBuildFile; fileRef = A5078E1A2824BA0A00CBC26B /* PictureIngredientRepository.swift */; };
		A5CD36E72824EB3F00A96B3E /* PictureIngredientDataStoreProtocol.swift in Sources */ = {isa = PBXBuildFile; fileRef = A5283E732824CF5D00761679 /* PictureIngredientDataStoreProtocol.swift */; };
/* End PBXBuildFile section */

/* Begin PBXContainerItemProxy section */
		A5818B312825140A00EB11AB /* PBXContainerItemProxy */ = {
			isa = PBXContainerItemProxy;
			containerPortal = A57B9AA02822C33B00F93329 /* Project object */;
			proxyType = 1;
			remoteGlobalIDString = A57B9AA72822C33B00F93329;
			remoteInfo = Reciptopia;
		};
/* End PBXContainerItemProxy section */

/* Begin PBXCopyFilesBuildPhase section */
		A5078DEC28249BDA00CBC26B /* Embed Frameworks */ = {
			isa = PBXCopyFilesBuildPhase;
			buildActionMask = 2147483647;
			dstPath = "";
			dstSubfolderSpec = 10;
			files = (
			);
			name = "Embed Frameworks";
			runOnlyForDeploymentPostprocessing = 0;
		};
/* End PBXCopyFilesBuildPhase section */

/* Begin PBXFileReference section */
		A5078DFC2824AD3700CBC26B /* PictureIngredientRepositoryProtocol.swift */ = {isa = PBXFileReference; lastKnownFileType = sourcecode.swift; path = PictureIngredientRepositoryProtocol.swift; sourceTree = "<group>"; };
		A5078E142824B43100CBC26B /* Ingredient.swift */ = {isa = PBXFileReference; lastKnownFileType = sourcecode.swift; path = Ingredient.swift; sourceTree = "<group>"; };
		A5078E1A2824BA0A00CBC26B /* PictureIngredientRepository.swift */ = {isa = PBXFileReference; lastKnownFileType = sourcecode.swift; path = PictureIngredientRepository.swift; sourceTree = "<group>"; };
		A51BEE0028254DD800703E52 /* PictureIngredientInstances.swift */ = {isa = PBXFileReference; lastKnownFileType = sourcecode.swift; path = PictureIngredientInstances.swift; sourceTree = "<group>"; };
		A5283E732824CF5D00761679 /* PictureIngredientDataStoreProtocol.swift */ = {isa = PBXFileReference; lastKnownFileType = sourcecode.swift; path = PictureIngredientDataStoreProtocol.swift; sourceTree = "<group>"; };
		A5283E752824D07300761679 /* PictureIngredientDataStore.swift */ = {isa = PBXFileReference; lastKnownFileType = sourcecode.swift; path = PictureIngredientDataStore.swift; sourceTree = "<group>"; };
		A5283E792824D6B500761679 /* AnalyzePictureUseCaseProtocol.swift */ = {isa = PBXFileReference; lastKnownFileType = sourcecode.swift; path = AnalyzePictureUseCaseProtocol.swift; sourceTree = "<group>"; };
		A5283E7B2824D81600761679 /* AnalyzePictureUseCase.swift */ = {isa = PBXFileReference; lastKnownFileType = sourcecode.swift; path = AnalyzePictureUseCase.swift; sourceTree = "<group>"; };
		A57B9AA82822C33B00F93329 /* Reciptopia.app */ = {isa = PBXFileReference; explicitFileType = wrapper.application; includeInIndex = 0; path = Reciptopia.app; sourceTree = BUILT_PRODUCTS_DIR; };
		A57B9AAB2822C33B00F93329 /* AppDelegate.swift */ = {isa = PBXFileReference; lastKnownFileType = sourcecode.swift; path = AppDelegate.swift; sourceTree = "<group>"; };
		A57B9AAD2822C33B00F93329 /* SceneDelegate.swift */ = {isa = PBXFileReference; lastKnownFileType = sourcecode.swift; path = SceneDelegate.swift; sourceTree = "<group>"; };
		A57B9AAF2822C33B00F93329 /* ViewController.swift */ = {isa = PBXFileReference; lastKnownFileType = sourcecode.swift; path = ViewController.swift; sourceTree = "<group>"; };
		A57B9AB22822C33B00F93329 /* Base */ = {isa = PBXFileReference; lastKnownFileType = file.storyboard; name = Base; path = Base.lproj/Main.storyboard; sourceTree = "<group>"; };
		A57B9AB42822C33C00F93329 /* Assets.xcassets */ = {isa = PBXFileReference; lastKnownFileType = folder.assetcatalog; path = Assets.xcassets; sourceTree = "<group>"; };
		A57B9AB72822C33C00F93329 /* Base */ = {isa = PBXFileReference; lastKnownFileType = file.storyboard; name = Base; path = Base.lproj/LaunchScreen.storyboard; sourceTree = "<group>"; };
		A57B9AB92822C33C00F93329 /* Info.plist */ = {isa = PBXFileReference; lastKnownFileType = text.plist.xml; path = Info.plist; sourceTree = "<group>"; };
		A5818B25282512B800EB11AB /* Network.swift */ = {isa = PBXFileReference; fileEncoding = 4; lastKnownFileType = sourcecode.swift; name = Network.swift; path = Network/Network.swift; sourceTree = "<group>"; };
		A5818B26282512B800EB11AB /* NetworkError.swift */ = {isa = PBXFileReference; fileEncoding = 4; lastKnownFileType = sourcecode.swift; name = NetworkError.swift; path = Network/NetworkError.swift; sourceTree = "<group>"; };
		A5818B2D2825140A00EB11AB /* ReciptopiaTests.xctest */ = {isa = PBXFileReference; explicitFileType = wrapper.cfbundle; includeInIndex = 0; path = ReciptopiaTests.xctest; sourceTree = BUILT_PRODUCTS_DIR; };
		A5818B3B2825143600EB11AB /* PictureIngredientRepositoryTests.swift */ = {isa = PBXFileReference; lastKnownFileType = sourcecode.swift; path = PictureIngredientRepositoryTests.swift; sourceTree = "<group>"; };
		A5818B47282516B600EB11AB /* PictureIngredientUseCaseTests.swift */ = {isa = PBXFileReference; lastKnownFileType = sourcecode.swift; path = PictureIngredientUseCaseTests.swift; sourceTree = "<group>"; };
		A5818B4B2825179000EB11AB /* DevInstances.swift */ = {isa = PBXFileReference; lastKnownFileType = sourcecode.swift; path = DevInstances.swift; sourceTree = "<group>"; };
/* End PBXFileReference section */

/* Begin PBXFrameworksBuildPhase section */
		A57B9AA52822C33B00F93329 /* Frameworks */ = {
			isa = PBXFrameworksBuildPhase;
			buildActionMask = 2147483647;
			files = (
				A5CD36DE2824EA3700A96B3E /* RxSwift in Frameworks */,
				A5CD36DC2824EA3700A96B3E /* RxRelay in Frameworks */,
				A5CD36DA2824EA3700A96B3E /* RxCocoa in Frameworks */,
			);
			runOnlyForDeploymentPostprocessing = 0;
		};
		A5818B2A2825140A00EB11AB /* Frameworks */ = {
			isa = PBXFrameworksBuildPhase;
			buildActionMask = 2147483647;
			files = (
				A5818B462825161100EB11AB /* RxTest in Frameworks */,
				A5818B422825161100EB11AB /* RxRelay in Frameworks */,
				A5818B402825161100EB11AB /* RxCocoa in Frameworks */,
				A5818B442825161100EB11AB /* RxSwift in Frameworks */,
				A5818B3E2825161100EB11AB /* RxBlocking in Frameworks */,
			);
			runOnlyForDeploymentPostprocessing = 0;
		};
/* End PBXFrameworksBuildPhase section */

/* Begin PBXGroup section */
		A5078DF22824A22200CBC26B /* Infrastructure */ = {
			isa = PBXGroup;
			children = (
				A5818B25282512B800EB11AB /* Network.swift */,
				A5818B26282512B800EB11AB /* NetworkError.swift */,
			);
			path = Infrastructure;
			sourceTree = "<group>";
		};
		A5078DF52824A35700CBC26B /* Frameworks */ = {
			isa = PBXGroup;
			children = (
			);
			name = Frameworks;
			sourceTree = "<group>";
		};
		A5078DFB2824AD2900CBC26B /* Repositories */ = {
			isa = PBXGroup;
			children = (
				A5078E0E2824AD7900CBC26B /* PictureIngredient */,
			);
			path = Repositories;
			sourceTree = "<group>";
		};
		A5078E0E2824AD7900CBC26B /* PictureIngredient */ = {
			isa = PBXGroup;
			children = (
				A5078DFC2824AD3700CBC26B /* PictureIngredientRepositoryProtocol.swift */,
				A5078E1A2824BA0A00CBC26B /* PictureIngredientRepository.swift */,
			);
			path = PictureIngredient;
			sourceTree = "<group>";
		};
		A5078E132824B42A00CBC26B /* Models */ = {
			isa = PBXGroup;
			children = (
				A5078E142824B43100CBC26B /* Ingredient.swift */,
			);
			path = Models;
			sourceTree = "<group>";
		};
		A51BEDFE28254DC300703E52 /* PictureIngredient */ = {
			isa = PBXGroup;
			children = (
				A51BEE0028254DD800703E52 /* PictureIngredientInstances.swift */,
			);
			path = PictureIngredient;
			sourceTree = "<group>";
		};
		A5283E712824CF0E00761679 /* DataStores */ = {
			isa = PBXGroup;
			children = (
				A5283E722824CF4900761679 /* PictureIngredients */,
			);
			path = DataStores;
			sourceTree = "<group>";
		};
		A5283E722824CF4900761679 /* PictureIngredients */ = {
			isa = PBXGroup;
			children = (
				A5283E732824CF5D00761679 /* PictureIngredientDataStoreProtocol.swift */,
				A5283E752824D07300761679 /* PictureIngredientDataStore.swift */,
			);
			path = PictureIngredients;
			sourceTree = "<group>";
		};
		A5283E772824D69D00761679 /* UseCases */ = {
			isa = PBXGroup;
			children = (
				A5283E782824D6AA00761679 /* PictureIngredient */,
			);
			path = UseCases;
			sourceTree = "<group>";
		};
		A5283E782824D6AA00761679 /* PictureIngredient */ = {
			isa = PBXGroup;
			children = (
				A5283E792824D6B500761679 /* AnalyzePictureUseCaseProtocol.swift */,
				A5283E7B2824D81600761679 /* AnalyzePictureUseCase.swift */,
			);
			path = PictureIngredient;
			sourceTree = "<group>";
		};
		A57B9A9F2822C33B00F93329 = {
			isa = PBXGroup;
			children = (
				A57B9AAA2822C33B00F93329 /* Reciptopia */,
				A5818B2E2825140A00EB11AB /* ReciptopiaTests */,
				A57B9AA92822C33B00F93329 /* Products */,
				A5078DF52824A35700CBC26B /* Frameworks */,
			);
			sourceTree = "<group>";
		};
		A57B9AA92822C33B00F93329 /* Products */ = {
			isa = PBXGroup;
			children = (
				A57B9AA82822C33B00F93329 /* Reciptopia.app */,
				A5818B2D2825140A00EB11AB /* ReciptopiaTests.xctest */,
			);
			name = Products;
			sourceTree = "<group>";
		};
		A57B9AAA2822C33B00F93329 /* Reciptopia */ = {
			isa = PBXGroup;
			children = (
				A57B9AAB2822C33B00F93329 /* AppDelegate.swift */,
				A57B9AAD2822C33B00F93329 /* SceneDelegate.swift */,
				A57B9AAF2822C33B00F93329 /* ViewController.swift */,
				A57B9AB12822C33B00F93329 /* Main.storyboard */,
				A57B9AB42822C33C00F93329 /* Assets.xcassets */,
				A57B9AB62822C33C00F93329 /* LaunchScreen.storyboard */,
				A57B9AB92822C33C00F93329 /* Info.plist */,
				A5078E132824B42A00CBC26B /* Models */,
				A5283E772824D69D00761679 /* UseCases */,
				A5078DFB2824AD2900CBC26B /* Repositories */,
				A5283E712824CF0E00761679 /* DataStores */,
				A5078DF22824A22200CBC26B /* Infrastructure */,
			);
			path = Reciptopia;
			sourceTree = "<group>";
		};
		A5818B2E2825140A00EB11AB /* ReciptopiaTests */ = {
			isa = PBXGroup;
			children = (
				A5818B492825177A00EB11AB /* DevInstances */,
				A5818B372825141800EB11AB /* UseCaseTests */,
				A5818B362825141100EB11AB /* RepositoryTests */,
			);
			path = ReciptopiaTests;
			sourceTree = "<group>";
		};
		A5818B362825141100EB11AB /* RepositoryTests */ = {
			isa = PBXGroup;
			children = (
				A5818B392825142300EB11AB /* PictureIngredient */,
			);
			path = RepositoryTests;
			sourceTree = "<group>";
		};
		A5818B372825141800EB11AB /* UseCaseTests */ = {
			isa = PBXGroup;
			children = (
				A5818B382825141D00EB11AB /* PictureIngredient */,
			);
			path = UseCaseTests;
			sourceTree = "<group>";
		};
		A5818B382825141D00EB11AB /* PictureIngredient */ = {
			isa = PBXGroup;
			children = (
				A5818B47282516B600EB11AB /* PictureIngredientUseCaseTests.swift */,
			);
			path = PictureIngredient;
			sourceTree = "<group>";
		};
		A5818B392825142300EB11AB /* PictureIngredient */ = {
			isa = PBXGroup;
			children = (
				A5818B3B2825143600EB11AB /* PictureIngredientRepositoryTests.swift */,
			);
			path = PictureIngredient;
			sourceTree = "<group>";
		};
		A5818B492825177A00EB11AB /* DevInstances */ = {
			isa = PBXGroup;
			children = (
				A51BEDFE28254DC300703E52 /* PictureIngredient */,
				A5818B4B2825179000EB11AB /* DevInstances.swift */,
			);
			path = DevInstances;
			sourceTree = "<group>";
		};
/* End PBXGroup section */

/* Begin PBXNativeTarget section */
		A57B9AA72822C33B00F93329 /* Reciptopia */ = {
			isa = PBXNativeTarget;
			buildConfigurationList = A57B9ABC2822C33C00F93329 /* Build configuration list for PBXNativeTarget "Reciptopia" */;
			buildPhases = (
				A57B9AA42822C33B00F93329 /* Sources */,
				A57B9AA52822C33B00F93329 /* Frameworks */,
				A57B9AA62822C33B00F93329 /* Resources */,
				A5078DEC28249BDA00CBC26B /* Embed Frameworks */,
			);
			buildRules = (
			);
			dependencies = (
			);
			name = Reciptopia;
			packageProductDependencies = (
				A5CD36D92824EA3700A96B3E /* RxCocoa */,
				A5CD36DB2824EA3700A96B3E /* RxRelay */,
				A5CD36DD2824EA3700A96B3E /* RxSwift */,
			);
			productName = Reciptopia;
			productReference = A57B9AA82822C33B00F93329 /* Reciptopia.app */;
			productType = "com.apple.product-type.application";
		};
		A5818B2C2825140A00EB11AB /* ReciptopiaTests */ = {
			isa = PBXNativeTarget;
			buildConfigurationList = A5818B332825140A00EB11AB /* Build configuration list for PBXNativeTarget "ReciptopiaTests" */;
			buildPhases = (
				A5818B292825140A00EB11AB /* Sources */,
				A5818B2A2825140A00EB11AB /* Frameworks */,
				A5818B2B2825140A00EB11AB /* Resources */,
			);
			buildRules = (
			);
			dependencies = (
				A5818B322825140A00EB11AB /* PBXTargetDependency */,
			);
			name = ReciptopiaTests;
			packageProductDependencies = (
				A5818B3D2825161100EB11AB /* RxBlocking */,
				A5818B3F2825161100EB11AB /* RxCocoa */,
				A5818B412825161100EB11AB /* RxRelay */,
				A5818B432825161100EB11AB /* RxSwift */,
				A5818B452825161100EB11AB /* RxTest */,
			);
			productName = ReciptopiaTests;
			productReference = A5818B2D2825140A00EB11AB /* ReciptopiaTests.xctest */;
			productType = "com.apple.product-type.bundle.unit-test";
		};
/* End PBXNativeTarget section */

/* Begin PBXProject section */
		A57B9AA02822C33B00F93329 /* Project object */ = {
			isa = PBXProject;
			attributes = {
				BuildIndependentTargetsInParallel = 1;
				LastSwiftUpdateCheck = 1330;
				LastUpgradeCheck = 1330;
				TargetAttributes = {
					A57B9AA72822C33B00F93329 = {
						CreatedOnToolsVersion = 13.3;
					};
					A5818B2C2825140A00EB11AB = {
						CreatedOnToolsVersion = 13.3;
						LastSwiftMigration = 1330;
						TestTargetID = A57B9AA72822C33B00F93329;
					};
				};
			};
			buildConfigurationList = A57B9AA32822C33B00F93329 /* Build configuration list for PBXProject "Reciptopia" */;
			compatibilityVersion = "Xcode 13.0";
			developmentRegion = en;
			hasScannedForEncodings = 0;
			knownRegions = (
				en,
				Base,
			);
			mainGroup = A57B9A9F2822C33B00F93329;
			packageReferences = (
				A5078DED28249DC000CBC26B /* XCRemoteSwiftPackageReference "RxSwift" */,
			);
			productRefGroup = A57B9AA92822C33B00F93329 /* Products */;
			projectDirPath = "";
			projectRoot = "";
			targets = (
				A57B9AA72822C33B00F93329 /* Reciptopia */,
				A5818B2C2825140A00EB11AB /* ReciptopiaTests */,
			);
		};
/* End PBXProject section */

/* Begin PBXResourcesBuildPhase section */
		A57B9AA62822C33B00F93329 /* Resources */ = {
			isa = PBXResourcesBuildPhase;
			buildActionMask = 2147483647;
			files = (
				A57B9AB82822C33C00F93329 /* LaunchScreen.storyboard in Resources */,
				A57B9AB52822C33C00F93329 /* Assets.xcassets in Resources */,
				A57B9AB32822C33B00F93329 /* Main.storyboard in Resources */,
			);
			runOnlyForDeploymentPostprocessing = 0;
		};
		A5818B2B2825140A00EB11AB /* Resources */ = {
			isa = PBXResourcesBuildPhase;
			buildActionMask = 2147483647;
			files = (
			);
			runOnlyForDeploymentPostprocessing = 0;
		};
/* End PBXResourcesBuildPhase section */

/* Begin PBXSourcesBuildPhase section */
		A57B9AA42822C33B00F93329 /* Sources */ = {
			isa = PBXSourcesBuildPhase;
			buildActionMask = 2147483647;
			files = (
				A5818B27282512B800EB11AB /* Network.swift in Sources */,
				A5818B28282512B800EB11AB /* NetworkError.swift in Sources */,
				A5CD36E12824EB3F00A96B3E /* PictureIngredientDataStore.swift in Sources */,
				A5CD36E62824EB3F00A96B3E /* PictureIngredientRepository.swift in Sources */,
				A5CD36E42824EB3F00A96B3E /* AnalyzePictureUseCase.swift in Sources */,
				A5CD36E52824EB3F00A96B3E /* Ingredient.swift in Sources */,
				A5CD36E02824EB3F00A96B3E /* PictureIngredientRepositoryProtocol.swift in Sources */,
				A5CD36E72824EB3F00A96B3E /* PictureIngredientDataStoreProtocol.swift in Sources */,
				A57B9AB02822C33B00F93329 /* ViewController.swift in Sources */,
				A5CD36E22824EB3F00A96B3E /* AnalyzePictureUseCaseProtocol.swift in Sources */,
				A57B9AAC2822C33B00F93329 /* AppDelegate.swift in Sources */,
				A57B9AAE2822C33B00F93329 /* SceneDelegate.swift in Sources */,
			);
			runOnlyForDeploymentPostprocessing = 0;
		};
		A5818B292825140A00EB11AB /* Sources */ = {
			isa = PBXSourcesBuildPhase;
			buildActionMask = 2147483647;
			files = (
				A51BEE0128254DD800703E52 /* PictureIngredientInstances.swift in Sources */,
				A5818B3C2825143600EB11AB /* PictureIngredientRepositoryTests.swift in Sources */,
				A5818B48282516B600EB11AB /* PictureIngredientUseCaseTests.swift in Sources */,
				A5818B4C2825179000EB11AB /* DevInstances.swift in Sources */,
			);
			runOnlyForDeploymentPostprocessing = 0;
		};
/* End PBXSourcesBuildPhase section */

/* Begin PBXTargetDependency section */
		A5818B322825140A00EB11AB /* PBXTargetDependency */ = {
			isa = PBXTargetDependency;
			target = A57B9AA72822C33B00F93329 /* Reciptopia */;
			targetProxy = A5818B312825140A00EB11AB /* PBXContainerItemProxy */;
		};
/* End PBXTargetDependency section */

/* Begin PBXVariantGroup section */
		A57B9AB12822C33B00F93329 /* Main.storyboard */ = {
			isa = PBXVariantGroup;
			children = (
				A57B9AB22822C33B00F93329 /* Base */,
			);
			name = Main.storyboard;
			sourceTree = "<group>";
		};
		A57B9AB62822C33C00F93329 /* LaunchScreen.storyboard */ = {
			isa = PBXVariantGroup;
			children = (
				A57B9AB72822C33C00F93329 /* Base */,
			);
			name = LaunchScreen.storyboard;
			sourceTree = "<group>";
		};
/* End PBXVariantGroup section */

/* Begin XCBuildConfiguration section */
		A57B9ABA2822C33C00F93329 /* Debug */ = {
			isa = XCBuildConfiguration;
			buildSettings = {
				ALWAYS_SEARCH_USER_PATHS = NO;
				CLANG_ANALYZER_NONNULL = YES;
				CLANG_ANALYZER_NUMBER_OBJECT_CONVERSION = YES_AGGRESSIVE;
				CLANG_CXX_LANGUAGE_STANDARD = "gnu++17";
				CLANG_ENABLE_MODULES = YES;
				CLANG_ENABLE_OBJC_ARC = YES;
				CLANG_ENABLE_OBJC_WEAK = YES;
				CLANG_WARN_BLOCK_CAPTURE_AUTORELEASING = YES;
				CLANG_WARN_BOOL_CONVERSION = YES;
				CLANG_WARN_COMMA = YES;
				CLANG_WARN_CONSTANT_CONVERSION = YES;
				CLANG_WARN_DEPRECATED_OBJC_IMPLEMENTATIONS = YES;
				CLANG_WARN_DIRECT_OBJC_ISA_USAGE = YES_ERROR;
				CLANG_WARN_DOCUMENTATION_COMMENTS = YES;
				CLANG_WARN_EMPTY_BODY = YES;
				CLANG_WARN_ENUM_CONVERSION = YES;
				CLANG_WARN_INFINITE_RECURSION = YES;
				CLANG_WARN_INT_CONVERSION = YES;
				CLANG_WARN_NON_LITERAL_NULL_CONVERSION = YES;
				CLANG_WARN_OBJC_IMPLICIT_RETAIN_SELF = YES;
				CLANG_WARN_OBJC_LITERAL_CONVERSION = YES;
				CLANG_WARN_OBJC_ROOT_CLASS = YES_ERROR;
				CLANG_WARN_QUOTED_INCLUDE_IN_FRAMEWORK_HEADER = YES;
				CLANG_WARN_RANGE_LOOP_ANALYSIS = YES;
				CLANG_WARN_STRICT_PROTOTYPES = YES;
				CLANG_WARN_SUSPICIOUS_MOVE = YES;
				CLANG_WARN_UNGUARDED_AVAILABILITY = YES_AGGRESSIVE;
				CLANG_WARN_UNREACHABLE_CODE = YES;
				CLANG_WARN__DUPLICATE_METHOD_MATCH = YES;
				COPY_PHASE_STRIP = NO;
				DEBUG_INFORMATION_FORMAT = dwarf;
				ENABLE_STRICT_OBJC_MSGSEND = YES;
				ENABLE_TESTABILITY = YES;
				GCC_C_LANGUAGE_STANDARD = gnu11;
				GCC_DYNAMIC_NO_PIC = NO;
				GCC_NO_COMMON_BLOCKS = YES;
				GCC_OPTIMIZATION_LEVEL = 0;
				GCC_PREPROCESSOR_DEFINITIONS = (
					"DEBUG=1",
					"$(inherited)",
				);
				GCC_WARN_64_TO_32_BIT_CONVERSION = YES;
				GCC_WARN_ABOUT_RETURN_TYPE = YES_ERROR;
				GCC_WARN_UNDECLARED_SELECTOR = YES;
				GCC_WARN_UNINITIALIZED_AUTOS = YES_AGGRESSIVE;
				GCC_WARN_UNUSED_FUNCTION = YES;
				GCC_WARN_UNUSED_VARIABLE = YES;
				IPHONEOS_DEPLOYMENT_TARGET = 14.0;
				MTL_ENABLE_DEBUG_INFO = INCLUDE_SOURCE;
				MTL_FAST_MATH = YES;
				ONLY_ACTIVE_ARCH = YES;
				SDKROOT = iphoneos;
				SWIFT_ACTIVE_COMPILATION_CONDITIONS = DEBUG;
				SWIFT_OPTIMIZATION_LEVEL = "-Onone";
			};
			name = Debug;
		};
		A57B9ABB2822C33C00F93329 /* Release */ = {
			isa = XCBuildConfiguration;
			buildSettings = {
				ALWAYS_SEARCH_USER_PATHS = NO;
				CLANG_ANALYZER_NONNULL = YES;
				CLANG_ANALYZER_NUMBER_OBJECT_CONVERSION = YES_AGGRESSIVE;
				CLANG_CXX_LANGUAGE_STANDARD = "gnu++17";
				CLANG_ENABLE_MODULES = YES;
				CLANG_ENABLE_OBJC_ARC = YES;
				CLANG_ENABLE_OBJC_WEAK = YES;
				CLANG_WARN_BLOCK_CAPTURE_AUTORELEASING = YES;
				CLANG_WARN_BOOL_CONVERSION = YES;
				CLANG_WARN_COMMA = YES;
				CLANG_WARN_CONSTANT_CONVERSION = YES;
				CLANG_WARN_DEPRECATED_OBJC_IMPLEMENTATIONS = YES;
				CLANG_WARN_DIRECT_OBJC_ISA_USAGE = YES_ERROR;
				CLANG_WARN_DOCUMENTATION_COMMENTS = YES;
				CLANG_WARN_EMPTY_BODY = YES;
				CLANG_WARN_ENUM_CONVERSION = YES;
				CLANG_WARN_INFINITE_RECURSION = YES;
				CLANG_WARN_INT_CONVERSION = YES;
				CLANG_WARN_NON_LITERAL_NULL_CONVERSION = YES;
				CLANG_WARN_OBJC_IMPLICIT_RETAIN_SELF = YES;
				CLANG_WARN_OBJC_LITERAL_CONVERSION = YES;
				CLANG_WARN_OBJC_ROOT_CLASS = YES_ERROR;
				CLANG_WARN_QUOTED_INCLUDE_IN_FRAMEWORK_HEADER = YES;
				CLANG_WARN_RANGE_LOOP_ANALYSIS = YES;
				CLANG_WARN_STRICT_PROTOTYPES = YES;
				CLANG_WARN_SUSPICIOUS_MOVE = YES;
				CLANG_WARN_UNGUARDED_AVAILABILITY = YES_AGGRESSIVE;
				CLANG_WARN_UNREACHABLE_CODE = YES;
				CLANG_WARN__DUPLICATE_METHOD_MATCH = YES;
				COPY_PHASE_STRIP = NO;
				DEBUG_INFORMATION_FORMAT = "dwarf-with-dsym";
				ENABLE_NS_ASSERTIONS = NO;
				ENABLE_STRICT_OBJC_MSGSEND = YES;
				GCC_C_LANGUAGE_STANDARD = gnu11;
				GCC_NO_COMMON_BLOCKS = YES;
				GCC_WARN_64_TO_32_BIT_CONVERSION = YES;
				GCC_WARN_ABOUT_RETURN_TYPE = YES_ERROR;
				GCC_WARN_UNDECLARED_SELECTOR = YES;
				GCC_WARN_UNINITIALIZED_AUTOS = YES_AGGRESSIVE;
				GCC_WARN_UNUSED_FUNCTION = YES;
				GCC_WARN_UNUSED_VARIABLE = YES;
				IPHONEOS_DEPLOYMENT_TARGET = 14.0;
				MTL_ENABLE_DEBUG_INFO = NO;
				MTL_FAST_MATH = YES;
				SDKROOT = iphoneos;
				SWIFT_COMPILATION_MODE = wholemodule;
				SWIFT_OPTIMIZATION_LEVEL = "-O";
				VALIDATE_PRODUCT = YES;
			};
			name = Release;
		};
		A57B9ABD2822C33C00F93329 /* Debug */ = {
			isa = XCBuildConfiguration;
			buildSettings = {
				ALWAYS_EMBED_SWIFT_STANDARD_LIBRARIES = YES;
				ASSETCATALOG_COMPILER_APPICON_NAME = AppIcon;
				ASSETCATALOG_COMPILER_GLOBAL_ACCENT_COLOR_NAME = AccentColor;
				CODE_SIGN_STYLE = Automatic;
				CURRENT_PROJECT_VERSION = 1;
				DEVELOPMENT_TEAM = GTB6BR222W;
				GENERATE_INFOPLIST_FILE = YES;
				INFOPLIST_FILE = Reciptopia/Info.plist;
				INFOPLIST_KEY_UIApplicationSupportsIndirectInputEvents = YES;
				INFOPLIST_KEY_UILaunchStoryboardName = LaunchScreen;
				INFOPLIST_KEY_UIMainStoryboardFile = Main;
				INFOPLIST_KEY_UISupportedInterfaceOrientations_iPad = "UIInterfaceOrientationPortrait UIInterfaceOrientationPortraitUpsideDown UIInterfaceOrientationLandscapeLeft UIInterfaceOrientationLandscapeRight";
				INFOPLIST_KEY_UISupportedInterfaceOrientations_iPhone = "UIInterfaceOrientationPortrait UIInterfaceOrientationLandscapeLeft UIInterfaceOrientationLandscapeRight";
				LD_RUNPATH_SEARCH_PATHS = (
					"$(inherited)",
					"@executable_path/Frameworks",
				);
				MARKETING_VERSION = 1.0;
				PRODUCT_BUNDLE_IDENTIFIER = com.Harry.Reciptopia;
				PRODUCT_NAME = "$(TARGET_NAME)";
				SWIFT_EMIT_LOC_STRINGS = YES;
				SWIFT_VERSION = 5.0;
				TARGETED_DEVICE_FAMILY = "1,2";
			};
			name = Debug;
		};
		A57B9ABE2822C33C00F93329 /* Release */ = {
			isa = XCBuildConfiguration;
			buildSettings = {
				ALWAYS_EMBED_SWIFT_STANDARD_LIBRARIES = YES;
				ASSETCATALOG_COMPILER_APPICON_NAME = AppIcon;
				ASSETCATALOG_COMPILER_GLOBAL_ACCENT_COLOR_NAME = AccentColor;
				CODE_SIGN_STYLE = Automatic;
				CURRENT_PROJECT_VERSION = 1;
				DEVELOPMENT_TEAM = GTB6BR222W;
				GENERATE_INFOPLIST_FILE = YES;
				INFOPLIST_FILE = Reciptopia/Info.plist;
				INFOPLIST_KEY_UIApplicationSupportsIndirectInputEvents = YES;
				INFOPLIST_KEY_UILaunchStoryboardName = LaunchScreen;
				INFOPLIST_KEY_UIMainStoryboardFile = Main;
				INFOPLIST_KEY_UISupportedInterfaceOrientations_iPad = "UIInterfaceOrientationPortrait UIInterfaceOrientationPortraitUpsideDown UIInterfaceOrientationLandscapeLeft UIInterfaceOrientationLandscapeRight";
				INFOPLIST_KEY_UISupportedInterfaceOrientations_iPhone = "UIInterfaceOrientationPortrait UIInterfaceOrientationLandscapeLeft UIInterfaceOrientationLandscapeRight";
				LD_RUNPATH_SEARCH_PATHS = (
					"$(inherited)",
					"@executable_path/Frameworks",
				);
				MARKETING_VERSION = 1.0;
				PRODUCT_BUNDLE_IDENTIFIER = com.Harry.Reciptopia;
				PRODUCT_NAME = "$(TARGET_NAME)";
				SWIFT_EMIT_LOC_STRINGS = YES;
				SWIFT_VERSION = 5.0;
				TARGETED_DEVICE_FAMILY = "1,2";
			};
			name = Release;
		};
		A5818B342825140A00EB11AB /* Debug */ = {
			isa = XCBuildConfiguration;
			buildSettings = {
				BUNDLE_LOADER = "$(TEST_HOST)";
				CLANG_ENABLE_MODULES = YES;
				CODE_SIGN_STYLE = Automatic;
				CURRENT_PROJECT_VERSION = 1;
				DEVELOPMENT_TEAM = GTB6BR222W;
				GENERATE_INFOPLIST_FILE = YES;
				IPHONEOS_DEPLOYMENT_TARGET = 15.4;
				LD_RUNPATH_SEARCH_PATHS = (
					"$(inherited)",
					"@executable_path/Frameworks",
					"@loader_path/Frameworks",
				);
				MARKETING_VERSION = 1.0;
				PRODUCT_BUNDLE_IDENTIFIER = com.Harry.ReciptopiaTests;
				PRODUCT_NAME = "$(TARGET_NAME)";
				SWIFT_EMIT_LOC_STRINGS = NO;
				SWIFT_OBJC_BRIDGING_HEADER = "";
				SWIFT_OPTIMIZATION_LEVEL = "-Onone";
				SWIFT_VERSION = 5.0;
				TARGETED_DEVICE_FAMILY = "1,2";
				TEST_HOST = "$(BUILT_PRODUCTS_DIR)/Reciptopia.app/Reciptopia";
			};
			name = Debug;
		};
		A5818B352825140A00EB11AB /* Release */ = {
			isa = XCBuildConfiguration;
			buildSettings = {
				BUNDLE_LOADER = "$(TEST_HOST)";
				CLANG_ENABLE_MODULES = YES;
				CODE_SIGN_STYLE = Automatic;
				CURRENT_PROJECT_VERSION = 1;
				DEVELOPMENT_TEAM = GTB6BR222W;
				GENERATE_INFOPLIST_FILE = YES;
				IPHONEOS_DEPLOYMENT_TARGET = 15.4;
				LD_RUNPATH_SEARCH_PATHS = (
					"$(inherited)",
					"@executable_path/Frameworks",
					"@loader_path/Frameworks",
				);
				MARKETING_VERSION = 1.0;
				PRODUCT_BUNDLE_IDENTIFIER = com.Harry.ReciptopiaTests;
				PRODUCT_NAME = "$(TARGET_NAME)";
				SWIFT_EMIT_LOC_STRINGS = NO;
				SWIFT_OBJC_BRIDGING_HEADER = "";
				SWIFT_VERSION = 5.0;
				TARGETED_DEVICE_FAMILY = "1,2";
				TEST_HOST = "$(BUILT_PRODUCTS_DIR)/Reciptopia.app/Reciptopia";
			};
			name = Release;
		};
/* End XCBuildConfiguration section */

/* Begin XCConfigurationList section */
		A57B9AA32822C33B00F93329 /* Build configuration list for PBXProject "Reciptopia" */ = {
			isa = XCConfigurationList;
			buildConfigurations = (
				A57B9ABA2822C33C00F93329 /* Debug */,
				A57B9ABB2822C33C00F93329 /* Release */,
			);
			defaultConfigurationIsVisible = 0;
			defaultConfigurationName = Release;
		};
		A57B9ABC2822C33C00F93329 /* Build configuration list for PBXNativeTarget "Reciptopia" */ = {
			isa = XCConfigurationList;
			buildConfigurations = (
				A57B9ABD2822C33C00F93329 /* Debug */,
				A57B9ABE2822C33C00F93329 /* Release */,
			);
			defaultConfigurationIsVisible = 0;
			defaultConfigurationName = Release;
		};
		A5818B332825140A00EB11AB /* Build configuration list for PBXNativeTarget "ReciptopiaTests" */ = {
			isa = XCConfigurationList;
			buildConfigurations = (
				A5818B342825140A00EB11AB /* Debug */,
				A5818B352825140A00EB11AB /* Release */,
			);
			defaultConfigurationIsVisible = 0;
			defaultConfigurationName = Release;
		};
/* End XCConfigurationList section */

/* Begin XCRemoteSwiftPackageReference section */
		A5078DED28249DC000CBC26B /* XCRemoteSwiftPackageReference "RxSwift" */ = {
			isa = XCRemoteSwiftPackageReference;
			repositoryURL = "https://github.com/ReactiveX/RxSwift";
			requirement = {
				kind = upToNextMajorVersion;
				minimumVersion = 6.0.0;
			};
		};
/* End XCRemoteSwiftPackageReference section */

/* Begin XCSwiftPackageProductDependency section */
		A5818B3D2825161100EB11AB /* RxBlocking */ = {
			isa = XCSwiftPackageProductDependency;
			package = A5078DED28249DC000CBC26B /* XCRemoteSwiftPackageReference "RxSwift" */;
			productName = RxBlocking;
		};
		A5818B3F2825161100EB11AB /* RxCocoa */ = {
			isa = XCSwiftPackageProductDependency;
			package = A5078DED28249DC000CBC26B /* XCRemoteSwiftPackageReference "RxSwift" */;
			productName = RxCocoa;
		};
		A5818B412825161100EB11AB /* RxRelay */ = {
			isa = XCSwiftPackageProductDependency;
			package = A5078DED28249DC000CBC26B /* XCRemoteSwiftPackageReference "RxSwift" */;
			productName = RxRelay;
		};
		A5818B432825161100EB11AB /* RxSwift */ = {
			isa = XCSwiftPackageProductDependency;
			package = A5078DED28249DC000CBC26B /* XCRemoteSwiftPackageReference "RxSwift" */;
			productName = RxSwift;
		};
		A5818B452825161100EB11AB /* RxTest */ = {
			isa = XCSwiftPackageProductDependency;
			package = A5078DED28249DC000CBC26B /* XCRemoteSwiftPackageReference "RxSwift" */;
			productName = RxTest;
		};
		A5CD36D92824EA3700A96B3E /* RxCocoa */ = {
			isa = XCSwiftPackageProductDependency;
			package = A5078DED28249DC000CBC26B /* XCRemoteSwiftPackageReference "RxSwift" */;
			productName = RxCocoa;
		};
		A5CD36DB2824EA3700A96B3E /* RxRelay */ = {
			isa = XCSwiftPackageProductDependency;
			package = A5078DED28249DC000CBC26B /* XCRemoteSwiftPackageReference "RxSwift" */;
			productName = RxRelay;
		};
		A5CD36DD2824EA3700A96B3E /* RxSwift */ = {
			isa = XCSwiftPackageProductDependency;
			package = A5078DED28249DC000CBC26B /* XCRemoteSwiftPackageReference "RxSwift" */;
			productName = RxSwift;
		};
/* End XCSwiftPackageProductDependency section */
	};
	rootObject = A57B9AA02822C33B00F93329 /* Project object */;
}
