// !$*UTF8*$!
{
	archiveVersion = 1;
	classes = {
	};
	objectVersion = 55;
	objects = {

/* Begin PBXBuildFile section */
		A5078DE428249BDA00CBC26B /* ReciptopiaKit.h in Headers */ = {isa = PBXBuildFile; fileRef = A5078DE328249BDA00CBC26B /* ReciptopiaKit.h */; settings = {ATTRIBUTES = (Public, ); }; };
		A5078DE728249BDA00CBC26B /* ReciptopiaKit.framework in Frameworks */ = {isa = PBXBuildFile; fileRef = A5078DE128249BDA00CBC26B /* ReciptopiaKit.framework */; };
		A5078DE828249BDA00CBC26B /* ReciptopiaKit.framework in Embed Frameworks */ = {isa = PBXBuildFile; fileRef = A5078DE128249BDA00CBC26B /* ReciptopiaKit.framework */; settings = {ATTRIBUTES = (CodeSignOnCopy, RemoveHeadersOnCopy, ); }; };
		A5078DEF28249DC000CBC26B /* RxRelay in Frameworks */ = {isa = PBXBuildFile; productRef = A5078DEE28249DC000CBC26B /* RxRelay */; };
		A5078DF128249DC000CBC26B /* RxSwift in Frameworks */ = {isa = PBXBuildFile; productRef = A5078DF028249DC000CBC26B /* RxSwift */; };
		A5078DF42824A22D00CBC26B /* Network.swift in Sources */ = {isa = PBXBuildFile; fileRef = A5078DF32824A22D00CBC26B /* Network.swift */; };
		A5078DF72824A35700CBC26B /* RxCocoa in Frameworks */ = {isa = PBXBuildFile; productRef = A5078DF62824A35700CBC26B /* RxCocoa */; };
		A5078DF92824A43E00CBC26B /* NetworkError.swift in Sources */ = {isa = PBXBuildFile; fileRef = A5078DF82824A43E00CBC26B /* NetworkError.swift */; };
		A57B9AAC2822C33B00F93329 /* AppDelegate.swift in Sources */ = {isa = PBXBuildFile; fileRef = A57B9AAB2822C33B00F93329 /* AppDelegate.swift */; };
		A57B9AAE2822C33B00F93329 /* SceneDelegate.swift in Sources */ = {isa = PBXBuildFile; fileRef = A57B9AAD2822C33B00F93329 /* SceneDelegate.swift */; };
		A57B9AB02822C33B00F93329 /* ViewController.swift in Sources */ = {isa = PBXBuildFile; fileRef = A57B9AAF2822C33B00F93329 /* ViewController.swift */; };
		A57B9AB32822C33B00F93329 /* Main.storyboard in Resources */ = {isa = PBXBuildFile; fileRef = A57B9AB12822C33B00F93329 /* Main.storyboard */; };
		A57B9AB52822C33C00F93329 /* Assets.xcassets in Resources */ = {isa = PBXBuildFile; fileRef = A57B9AB42822C33C00F93329 /* Assets.xcassets */; };
		A57B9AB82822C33C00F93329 /* LaunchScreen.storyboard in Resources */ = {isa = PBXBuildFile; fileRef = A57B9AB62822C33C00F93329 /* LaunchScreen.storyboard */; };
/* End PBXBuildFile section */

/* Begin PBXContainerItemProxy section */
		A5078DE528249BDA00CBC26B /* PBXContainerItemProxy */ = {
			isa = PBXContainerItemProxy;
			containerPortal = A57B9AA02822C33B00F93329 /* Project object */;
			proxyType = 1;
			remoteGlobalIDString = A5078DE028249BDA00CBC26B;
			remoteInfo = ReciptopiaKit;
		};
/* End PBXContainerItemProxy section */

/* Begin PBXCopyFilesBuildPhase section */
		A5078DEC28249BDA00CBC26B /* Embed Frameworks */ = {
			isa = PBXCopyFilesBuildPhase;
			buildActionMask = 2147483647;
			dstPath = "";
			dstSubfolderSpec = 10;
			files = (
				A5078DE828249BDA00CBC26B /* ReciptopiaKit.framework in Embed Frameworks */,
			);
			name = "Embed Frameworks";
			runOnlyForDeploymentPostprocessing = 0;
		};
/* End PBXCopyFilesBuildPhase section */

/* Begin PBXFileReference section */
		A5078DE128249BDA00CBC26B /* ReciptopiaKit.framework */ = {isa = PBXFileReference; explicitFileType = wrapper.framework; includeInIndex = 0; path = ReciptopiaKit.framework; sourceTree = BUILT_PRODUCTS_DIR; };
		A5078DE328249BDA00CBC26B /* ReciptopiaKit.h */ = {isa = PBXFileReference; lastKnownFileType = sourcecode.c.h; path = ReciptopiaKit.h; sourceTree = "<group>"; };
		A5078DF32824A22D00CBC26B /* Network.swift */ = {isa = PBXFileReference; lastKnownFileType = sourcecode.swift; path = Network.swift; sourceTree = "<group>"; };
		A5078DF82824A43E00CBC26B /* NetworkError.swift */ = {isa = PBXFileReference; lastKnownFileType = sourcecode.swift; path = NetworkError.swift; sourceTree = "<group>"; };
		A57B9AA82822C33B00F93329 /* Reciptopia.app */ = {isa = PBXFileReference; explicitFileType = wrapper.application; includeInIndex = 0; path = Reciptopia.app; sourceTree = BUILT_PRODUCTS_DIR; };
		A57B9AAB2822C33B00F93329 /* AppDelegate.swift */ = {isa = PBXFileReference; lastKnownFileType = sourcecode.swift; path = AppDelegate.swift; sourceTree = "<group>"; };
		A57B9AAD2822C33B00F93329 /* SceneDelegate.swift */ = {isa = PBXFileReference; lastKnownFileType = sourcecode.swift; path = SceneDelegate.swift; sourceTree = "<group>"; };
		A57B9AAF2822C33B00F93329 /* ViewController.swift */ = {isa = PBXFileReference; lastKnownFileType = sourcecode.swift; path = ViewController.swift; sourceTree = "<group>"; };
		A57B9AB22822C33B00F93329 /* Base */ = {isa = PBXFileReference; lastKnownFileType = file.storyboard; name = Base; path = Base.lproj/Main.storyboard; sourceTree = "<group>"; };
		A57B9AB42822C33C00F93329 /* Assets.xcassets */ = {isa = PBXFileReference; lastKnownFileType = folder.assetcatalog; path = Assets.xcassets; sourceTree = "<group>"; };
		A57B9AB72822C33C00F93329 /* Base */ = {isa = PBXFileReference; lastKnownFileType = file.storyboard; name = Base; path = Base.lproj/LaunchScreen.storyboard; sourceTree = "<group>"; };
		A57B9AB92822C33C00F93329 /* Info.plist */ = {isa = PBXFileReference; lastKnownFileType = text.plist.xml; path = Info.plist; sourceTree = "<group>"; };
/* End PBXFileReference section */

/* Begin PBXFrameworksBuildPhase section */
		A5078DDE28249BDA00CBC26B /* Frameworks */ = {
			isa = PBXFrameworksBuildPhase;
			buildActionMask = 2147483647;
			files = (
				A5078DF72824A35700CBC26B /* RxCocoa in Frameworks */,
				A5078DF128249DC000CBC26B /* RxSwift in Frameworks */,
				A5078DEF28249DC000CBC26B /* RxRelay in Frameworks */,
			);
			runOnlyForDeploymentPostprocessing = 0;
		};
		A57B9AA52822C33B00F93329 /* Frameworks */ = {
			isa = PBXFrameworksBuildPhase;
			buildActionMask = 2147483647;
			files = (
				A5078DE728249BDA00CBC26B /* ReciptopiaKit.framework in Frameworks */,
			);
			runOnlyForDeploymentPostprocessing = 0;
		};
/* End PBXFrameworksBuildPhase section */

/* Begin PBXGroup section */
		A5078DE228249BDA00CBC26B /* ReciptopiaKit */ = {
			isa = PBXGroup;
			children = (
				A5078DF22824A22200CBC26B /* Infrastructure */,
				A5078DE328249BDA00CBC26B /* ReciptopiaKit.h */,
			);
			path = ReciptopiaKit;
			sourceTree = "<group>";
		};
		A5078DF22824A22200CBC26B /* Infrastructure */ = {
			isa = PBXGroup;
			children = (
				A5078DF32824A22D00CBC26B /* Network.swift */,
				A5078DF82824A43E00CBC26B /* NetworkError.swift */,
			);
			path = Infrastructure;
			sourceTree = "<group>";
		};
		A5078DF52824A35700CBC26B /* Frameworks */ = {
			isa = PBXGroup;
			children = (
			);
			name = Frameworks;
			sourceTree = "<group>";
		};
		A57B9A9F2822C33B00F93329 = {
			isa = PBXGroup;
			children = (
				A57B9AAA2822C33B00F93329 /* Reciptopia */,
				A5078DE228249BDA00CBC26B /* ReciptopiaKit */,
				A57B9AA92822C33B00F93329 /* Products */,
				A5078DF52824A35700CBC26B /* Frameworks */,
			);
			sourceTree = "<group>";
		};
		A57B9AA92822C33B00F93329 /* Products */ = {
			isa = PBXGroup;
			children = (
				A57B9AA82822C33B00F93329 /* Reciptopia.app */,
				A5078DE128249BDA00CBC26B /* ReciptopiaKit.framework */,
			);
			name = Products;
			sourceTree = "<group>";
		};
		A57B9AAA2822C33B00F93329 /* Reciptopia */ = {
			isa = PBXGroup;
			children = (
				A57B9AAB2822C33B00F93329 /* AppDelegate.swift */,
				A57B9AAD2822C33B00F93329 /* SceneDelegate.swift */,
				A57B9AAF2822C33B00F93329 /* ViewController.swift */,
				A57B9AB12822C33B00F93329 /* Main.storyboard */,
				A57B9AB42822C33C00F93329 /* Assets.xcassets */,
				A57B9AB62822C33C00F93329 /* LaunchScreen.storyboard */,
				A57B9AB92822C33C00F93329 /* Info.plist */,
			);
			path = Reciptopia;
			sourceTree = "<group>";
		};
/* End PBXGroup section */

/* Begin PBXHeadersBuildPhase section */
		A5078DDC28249BDA00CBC26B /* Headers */ = {
			isa = PBXHeadersBuildPhase;
			buildActionMask = 2147483647;
			files = (
				A5078DE428249BDA00CBC26B /* ReciptopiaKit.h in Headers */,
			);
			runOnlyForDeploymentPostprocessing = 0;
		};
/* End PBXHeadersBuildPhase section */

/* Begin PBXNativeTarget section */
		A5078DE028249BDA00CBC26B /* ReciptopiaKit */ = {
			isa = PBXNativeTarget;
			buildConfigurationList = A5078DE928249BDA00CBC26B /* Build configuration list for PBXNativeTarget "ReciptopiaKit" */;
			buildPhases = (
				A5078DDC28249BDA00CBC26B /* Headers */,
				A5078DDD28249BDA00CBC26B /* Sources */,
				A5078DDE28249BDA00CBC26B /* Frameworks */,
				A5078DDF28249BDA00CBC26B /* Resources */,
			);
			buildRules = (
			);
			dependencies = (
			);
			name = ReciptopiaKit;
			packageProductDependencies = (
				A5078DEE28249DC000CBC26B /* RxRelay */,
				A5078DF028249DC000CBC26B /* RxSwift */,
				A5078DF62824A35700CBC26B /* RxCocoa */,
			);
			productName = ReciptopiaKit;
			productReference = A5078DE128249BDA00CBC26B /* ReciptopiaKit.framework */;
			productType = "com.apple.product-type.framework";
		};
		A57B9AA72822C33B00F93329 /* Reciptopia */ = {
			isa = PBXNativeTarget;
			buildConfigurationList = A57B9ABC2822C33C00F93329 /* Build configuration list for PBXNativeTarget "Reciptopia" */;
			buildPhases = (
				A57B9AA42822C33B00F93329 /* Sources */,
				A57B9AA52822C33B00F93329 /* Frameworks */,
				A57B9AA62822C33B00F93329 /* Resources */,
				A5078DEC28249BDA00CBC26B /* Embed Frameworks */,
			);
			buildRules = (
			);
			dependencies = (
				A5078DE628249BDA00CBC26B /* PBXTargetDependency */,
			);
			name = Reciptopia;
			productName = Reciptopia;
			productReference = A57B9AA82822C33B00F93329 /* Reciptopia.app */;
			productType = "com.apple.product-type.application";
		};
/* End PBXNativeTarget section */

/* Begin PBXProject section */
		A57B9AA02822C33B00F93329 /* Project object */ = {
			isa = PBXProject;
			attributes = {
				BuildIndependentTargetsInParallel = 1;
				LastSwiftUpdateCheck = 1330;
				LastUpgradeCheck = 1330;
				TargetAttributes = {
					A5078DE028249BDA00CBC26B = {
						CreatedOnToolsVersion = 13.3;
						LastSwiftMigration = 1330;
					};
					A57B9AA72822C33B00F93329 = {
						CreatedOnToolsVersion = 13.3;
					};
				};
			};
			buildConfigurationList = A57B9AA32822C33B00F93329 /* Build configuration list for PBXProject "Reciptopia" */;
			compatibilityVersion = "Xcode 13.0";
			developmentRegion = en;
			hasScannedForEncodings = 0;
			knownRegions = (
				en,
				Base,
			);
			mainGroup = A57B9A9F2822C33B00F93329;
			packageReferences = (
				A5078DED28249DC000CBC26B /* XCRemoteSwiftPackageReference "RxSwift" */,
			);
			productRefGroup = A57B9AA92822C33B00F93329 /* Products */;
			projectDirPath = "";
			projectRoot = "";
			targets = (
				A57B9AA72822C33B00F93329 /* Reciptopia */,
				A5078DE028249BDA00CBC26B /* ReciptopiaKit */,
			);
		};
/* End PBXProject section */

/* Begin PBXResourcesBuildPhase section */
		A5078DDF28249BDA00CBC26B /* Resources */ = {
			isa = PBXResourcesBuildPhase;
			buildActionMask = 2147483647;
			files = (
			);
			runOnlyForDeploymentPostprocessing = 0;
		};
		A57B9AA62822C33B00F93329 /* Resources */ = {
			isa = PBXResourcesBuildPhase;
			buildActionMask = 2147483647;
			files = (
				A57B9AB82822C33C00F93329 /* LaunchScreen.storyboard in Resources */,
				A57B9AB52822C33C00F93329 /* Assets.xcassets in Resources */,
				A57B9AB32822C33B00F93329 /* Main.storyboard in Resources */,
			);
			runOnlyForDeploymentPostprocessing = 0;
		};
/* End PBXResourcesBuildPhase section */

/* Begin PBXSourcesBuildPhase section */
		A5078DDD28249BDA00CBC26B /* Sources */ = {
			isa = PBXSourcesBuildPhase;
			buildActionMask = 2147483647;
			files = (
				A5078DF42824A22D00CBC26B /* Network.swift in Sources */,
				A5078DF92824A43E00CBC26B /* NetworkError.swift in Sources */,
			);
			runOnlyForDeploymentPostprocessing = 0;
		};
		A57B9AA42822C33B00F93329 /* Sources */ = {
			isa = PBXSourcesBuildPhase;
			buildActionMask = 2147483647;
			files = (
				A57B9AB02822C33B00F93329 /* ViewController.swift in Sources */,
				A57B9AAC2822C33B00F93329 /* AppDelegate.swift in Sources */,
				A57B9AAE2822C33B00F93329 /* SceneDelegate.swift in Sources */,
			);
			runOnlyForDeploymentPostprocessing = 0;
		};
/* End PBXSourcesBuildPhase section */

/* Begin PBXTargetDependency section */
		A5078DE628249BDA00CBC26B /* PBXTargetDependency */ = {
			isa = PBXTargetDependency;
			target = A5078DE028249BDA00CBC26B /* ReciptopiaKit */;
			targetProxy = A5078DE528249BDA00CBC26B /* PBXContainerItemProxy */;
		};
/* End PBXTargetDependency section */

/* Begin PBXVariantGroup section */
		A57B9AB12822C33B00F93329 /* Main.storyboard */ = {
			isa = PBXVariantGroup;
			children = (
				A57B9AB22822C33B00F93329 /* Base */,
			);
			name = Main.storyboard;
			sourceTree = "<group>";
		};
		A57B9AB62822C33C00F93329 /* LaunchScreen.storyboard */ = {
			isa = PBXVariantGroup;
			children = (
				A57B9AB72822C33C00F93329 /* Base */,
			);
			name = LaunchScreen.storyboard;
			sourceTree = "<group>";
		};
/* End PBXVariantGroup section */

/* Begin XCBuildConfiguration section */
		A5078DEA28249BDA00CBC26B /* Debug */ = {
			isa = XCBuildConfiguration;
			buildSettings = {
				CLANG_ENABLE_MODULES = YES;
				CODE_SIGN_STYLE = Automatic;
				CURRENT_PROJECT_VERSION = 1;
				DEFINES_MODULE = YES;
				DEVELOPMENT_TEAM = GTB6BR222W;
				DYLIB_COMPATIBILITY_VERSION = 1;
				DYLIB_CURRENT_VERSION = 1;
				DYLIB_INSTALL_NAME_BASE = "@rpath";
				GENERATE_INFOPLIST_FILE = YES;
				INFOPLIST_KEY_NSHumanReadableCopyright = "";
				INSTALL_PATH = "$(LOCAL_LIBRARY_DIR)/Frameworks";
				IPHONEOS_DEPLOYMENT_TARGET = 14.0;
				LD_RUNPATH_SEARCH_PATHS = (
					"$(inherited)",
					"@executable_path/Frameworks",
					"@loader_path/Frameworks",
				);
				MARKETING_VERSION = 1.0;
				PRODUCT_BUNDLE_IDENTIFIER = com.Harry.ReciptopiaKit;
				PRODUCT_NAME = "$(TARGET_NAME:c99extidentifier)";
				SKIP_INSTALL = YES;
				SWIFT_EMIT_LOC_STRINGS = YES;
				SWIFT_OPTIMIZATION_LEVEL = "-Onone";
				SWIFT_VERSION = 5.0;
				TARGETED_DEVICE_FAMILY = "1,2";
				VERSIONING_SYSTEM = "apple-generic";
				VERSION_INFO_PREFIX = "";
			};
			name = Debug;
		};
		A5078DEB28249BDA00CBC26B /* Release */ = {
			isa = XCBuildConfiguration;
			buildSettings = {
				CLANG_ENABLE_MODULES = YES;
				CODE_SIGN_STYLE = Automatic;
				CURRENT_PROJECT_VERSION = 1;
				DEFINES_MODULE = YES;
				DEVELOPMENT_TEAM = GTB6BR222W;
				DYLIB_COMPATIBILITY_VERSION = 1;
				DYLIB_CURRENT_VERSION = 1;
				DYLIB_INSTALL_NAME_BASE = "@rpath";
				GENERATE_INFOPLIST_FILE = YES;
				INFOPLIST_KEY_NSHumanReadableCopyright = "";
				INSTALL_PATH = "$(LOCAL_LIBRARY_DIR)/Frameworks";
				IPHONEOS_DEPLOYMENT_TARGET = 14.0;
				LD_RUNPATH_SEARCH_PATHS = (
					"$(inherited)",
					"@executable_path/Frameworks",
					"@loader_path/Frameworks",
				);
				MARKETING_VERSION = 1.0;
				PRODUCT_BUNDLE_IDENTIFIER = com.Harry.ReciptopiaKit;
				PRODUCT_NAME = "$(TARGET_NAME:c99extidentifier)";
				SKIP_INSTALL = YES;
				SWIFT_EMIT_LOC_STRINGS = YES;
				SWIFT_VERSION = 5.0;
				TARGETED_DEVICE_FAMILY = "1,2";
				VERSIONING_SYSTEM = "apple-generic";
				VERSION_INFO_PREFIX = "";
			};
			name = Release;
		};
		A57B9ABA2822C33C00F93329 /* Debug */ = {
			isa = XCBuildConfiguration;
			buildSettings = {
				ALWAYS_SEARCH_USER_PATHS = NO;
				CLANG_ANALYZER_NONNULL = YES;
				CLANG_ANALYZER_NUMBER_OBJECT_CONVERSION = YES_AGGRESSIVE;
				CLANG_CXX_LANGUAGE_STANDARD = "gnu++17";
				CLANG_ENABLE_MODULES = YES;
				CLANG_ENABLE_OBJC_ARC = YES;
				CLANG_ENABLE_OBJC_WEAK = YES;
				CLANG_WARN_BLOCK_CAPTURE_AUTORELEASING = YES;
				CLANG_WARN_BOOL_CONVERSION = YES;
				CLANG_WARN_COMMA = YES;
				CLANG_WARN_CONSTANT_CONVERSION = YES;
				CLANG_WARN_DEPRECATED_OBJC_IMPLEMENTATIONS = YES;
				CLANG_WARN_DIRECT_OBJC_ISA_USAGE = YES_ERROR;
				CLANG_WARN_DOCUMENTATION_COMMENTS = YES;
				CLANG_WARN_EMPTY_BODY = YES;
				CLANG_WARN_ENUM_CONVERSION = YES;
				CLANG_WARN_INFINITE_RECURSION = YES;
				CLANG_WARN_INT_CONVERSION = YES;
				CLANG_WARN_NON_LITERAL_NULL_CONVERSION = YES;
				CLANG_WARN_OBJC_IMPLICIT_RETAIN_SELF = YES;
				CLANG_WARN_OBJC_LITERAL_CONVERSION = YES;
				CLANG_WARN_OBJC_ROOT_CLASS = YES_ERROR;
				CLANG_WARN_QUOTED_INCLUDE_IN_FRAMEWORK_HEADER = YES;
				CLANG_WARN_RANGE_LOOP_ANALYSIS = YES;
				CLANG_WARN_STRICT_PROTOTYPES = YES;
				CLANG_WARN_SUSPICIOUS_MOVE = YES;
				CLANG_WARN_UNGUARDED_AVAILABILITY = YES_AGGRESSIVE;
				CLANG_WARN_UNREACHABLE_CODE = YES;
				CLANG_WARN__DUPLICATE_METHOD_MATCH = YES;
				COPY_PHASE_STRIP = NO;
				DEBUG_INFORMATION_FORMAT = dwarf;
				ENABLE_STRICT_OBJC_MSGSEND = YES;
				ENABLE_TESTABILITY = YES;
				GCC_C_LANGUAGE_STANDARD = gnu11;
				GCC_DYNAMIC_NO_PIC = NO;
				GCC_NO_COMMON_BLOCKS = YES;
				GCC_OPTIMIZATION_LEVEL = 0;
				GCC_PREPROCESSOR_DEFINITIONS = (
					"DEBUG=1",
					"$(inherited)",
				);
				GCC_WARN_64_TO_32_BIT_CONVERSION = YES;
				GCC_WARN_ABOUT_RETURN_TYPE = YES_ERROR;
				GCC_WARN_UNDECLARED_SELECTOR = YES;
				GCC_WARN_UNINITIALIZED_AUTOS = YES_AGGRESSIVE;
				GCC_WARN_UNUSED_FUNCTION = YES;
				GCC_WARN_UNUSED_VARIABLE = YES;
				IPHONEOS_DEPLOYMENT_TARGET = 14.0;
				MTL_ENABLE_DEBUG_INFO = INCLUDE_SOURCE;
				MTL_FAST_MATH = YES;
				ONLY_ACTIVE_ARCH = YES;
				SDKROOT = iphoneos;
				SWIFT_ACTIVE_COMPILATION_CONDITIONS = DEBUG;
				SWIFT_OPTIMIZATION_LEVEL = "-Onone";
			};
			name = Debug;
		};
		A57B9ABB2822C33C00F93329 /* Release */ = {
			isa = XCBuildConfiguration;
			buildSettings = {
				ALWAYS_SEARCH_USER_PATHS = NO;
				CLANG_ANALYZER_NONNULL = YES;
				CLANG_ANALYZER_NUMBER_OBJECT_CONVERSION = YES_AGGRESSIVE;
				CLANG_CXX_LANGUAGE_STANDARD = "gnu++17";
				CLANG_ENABLE_MODULES = YES;
				CLANG_ENABLE_OBJC_ARC = YES;
				CLANG_ENABLE_OBJC_WEAK = YES;
				CLANG_WARN_BLOCK_CAPTURE_AUTORELEASING = YES;
				CLANG_WARN_BOOL_CONVERSION = YES;
				CLANG_WARN_COMMA = YES;
				CLANG_WARN_CONSTANT_CONVERSION = YES;
				CLANG_WARN_DEPRECATED_OBJC_IMPLEMENTATIONS = YES;
				CLANG_WARN_DIRECT_OBJC_ISA_USAGE = YES_ERROR;
				CLANG_WARN_DOCUMENTATION_COMMENTS = YES;
				CLANG_WARN_EMPTY_BODY = YES;
				CLANG_WARN_ENUM_CONVERSION = YES;
				CLANG_WARN_INFINITE_RECURSION = YES;
				CLANG_WARN_INT_CONVERSION = YES;
				CLANG_WARN_NON_LITERAL_NULL_CONVERSION = YES;
				CLANG_WARN_OBJC_IMPLICIT_RETAIN_SELF = YES;
				CLANG_WARN_OBJC_LITERAL_CONVERSION = YES;
				CLANG_WARN_OBJC_ROOT_CLASS = YES_ERROR;
				CLANG_WARN_QUOTED_INCLUDE_IN_FRAMEWORK_HEADER = YES;
				CLANG_WARN_RANGE_LOOP_ANALYSIS = YES;
				CLANG_WARN_STRICT_PROTOTYPES = YES;
				CLANG_WARN_SUSPICIOUS_MOVE = YES;
				CLANG_WARN_UNGUARDED_AVAILABILITY = YES_AGGRESSIVE;
				CLANG_WARN_UNREACHABLE_CODE = YES;
				CLANG_WARN__DUPLICATE_METHOD_MATCH = YES;
				COPY_PHASE_STRIP = NO;
				DEBUG_INFORMATION_FORMAT = "dwarf-with-dsym";
				ENABLE_NS_ASSERTIONS = NO;
				ENABLE_STRICT_OBJC_MSGSEND = YES;
				GCC_C_LANGUAGE_STANDARD = gnu11;
				GCC_NO_COMMON_BLOCKS = YES;
				GCC_WARN_64_TO_32_BIT_CONVERSION = YES;
				GCC_WARN_ABOUT_RETURN_TYPE = YES_ERROR;
				GCC_WARN_UNDECLARED_SELECTOR = YES;
				GCC_WARN_UNINITIALIZED_AUTOS = YES_AGGRESSIVE;
				GCC_WARN_UNUSED_FUNCTION = YES;
				GCC_WARN_UNUSED_VARIABLE = YES;
				IPHONEOS_DEPLOYMENT_TARGET = 14.0;
				MTL_ENABLE_DEBUG_INFO = NO;
				MTL_FAST_MATH = YES;
				SDKROOT = iphoneos;
				SWIFT_COMPILATION_MODE = wholemodule;
				SWIFT_OPTIMIZATION_LEVEL = "-O";
				VALIDATE_PRODUCT = YES;
			};
			name = Release;
		};
		A57B9ABD2822C33C00F93329 /* Debug */ = {
			isa = XCBuildConfiguration;
			buildSettings = {
				ALWAYS_EMBED_SWIFT_STANDARD_LIBRARIES = YES;
				ASSETCATALOG_COMPILER_APPICON_NAME = AppIcon;
				ASSETCATALOG_COMPILER_GLOBAL_ACCENT_COLOR_NAME = AccentColor;
				CODE_SIGN_STYLE = Automatic;
				CURRENT_PROJECT_VERSION = 1;
				DEVELOPMENT_TEAM = GTB6BR222W;
				GENERATE_INFOPLIST_FILE = YES;
				INFOPLIST_FILE = Reciptopia/Info.plist;
				INFOPLIST_KEY_UIApplicationSupportsIndirectInputEvents = YES;
				INFOPLIST_KEY_UILaunchStoryboardName = LaunchScreen;
				INFOPLIST_KEY_UIMainStoryboardFile = Main;
				INFOPLIST_KEY_UISupportedInterfaceOrientations_iPad = "UIInterfaceOrientationPortrait UIInterfaceOrientationPortraitUpsideDown UIInterfaceOrientationLandscapeLeft UIInterfaceOrientationLandscapeRight";
				INFOPLIST_KEY_UISupportedInterfaceOrientations_iPhone = "UIInterfaceOrientationPortrait UIInterfaceOrientationLandscapeLeft UIInterfaceOrientationLandscapeRight";
				LD_RUNPATH_SEARCH_PATHS = (
					"$(inherited)",
					"@executable_path/Frameworks",
				);
				MARKETING_VERSION = 1.0;
				PRODUCT_BUNDLE_IDENTIFIER = com.Harry.Reciptopia;
				PRODUCT_NAME = "$(TARGET_NAME)";
				SWIFT_EMIT_LOC_STRINGS = YES;
				SWIFT_VERSION = 5.0;
				TARGETED_DEVICE_FAMILY = "1,2";
			};
			name = Debug;
		};
		A57B9ABE2822C33C00F93329 /* Release */ = {
			isa = XCBuildConfiguration;
			buildSettings = {
				ALWAYS_EMBED_SWIFT_STANDARD_LIBRARIES = YES;
				ASSETCATALOG_COMPILER_APPICON_NAME = AppIcon;
				ASSETCATALOG_COMPILER_GLOBAL_ACCENT_COLOR_NAME = AccentColor;
				CODE_SIGN_STYLE = Automatic;
				CURRENT_PROJECT_VERSION = 1;
				DEVELOPMENT_TEAM = GTB6BR222W;
				GENERATE_INFOPLIST_FILE = YES;
				INFOPLIST_FILE = Reciptopia/Info.plist;
				INFOPLIST_KEY_UIApplicationSupportsIndirectInputEvents = YES;
				INFOPLIST_KEY_UILaunchStoryboardName = LaunchScreen;
				INFOPLIST_KEY_UIMainStoryboardFile = Main;
				INFOPLIST_KEY_UISupportedInterfaceOrientations_iPad = "UIInterfaceOrientationPortrait UIInterfaceOrientationPortraitUpsideDown UIInterfaceOrientationLandscapeLeft UIInterfaceOrientationLandscapeRight";
				INFOPLIST_KEY_UISupportedInterfaceOrientations_iPhone = "UIInterfaceOrientationPortrait UIInterfaceOrientationLandscapeLeft UIInterfaceOrientationLandscapeRight";
				LD_RUNPATH_SEARCH_PATHS = (
					"$(inherited)",
					"@executable_path/Frameworks",
				);
				MARKETING_VERSION = 1.0;
				PRODUCT_BUNDLE_IDENTIFIER = com.Harry.Reciptopia;
				PRODUCT_NAME = "$(TARGET_NAME)";
				SWIFT_EMIT_LOC_STRINGS = YES;
				SWIFT_VERSION = 5.0;
				TARGETED_DEVICE_FAMILY = "1,2";
			};
			name = Release;
		};
/* End XCBuildConfiguration section */

/* Begin XCConfigurationList section */
		A5078DE928249BDA00CBC26B /* Build configuration list for PBXNativeTarget "ReciptopiaKit" */ = {
			isa = XCConfigurationList;
			buildConfigurations = (
				A5078DEA28249BDA00CBC26B /* Debug */,
				A5078DEB28249BDA00CBC26B /* Release */,
			);
			defaultConfigurationIsVisible = 0;
			defaultConfigurationName = Release;
		};
		A57B9AA32822C33B00F93329 /* Build configuration list for PBXProject "Reciptopia" */ = {
			isa = XCConfigurationList;
			buildConfigurations = (
				A57B9ABA2822C33C00F93329 /* Debug */,
				A57B9ABB2822C33C00F93329 /* Release */,
			);
			defaultConfigurationIsVisible = 0;
			defaultConfigurationName = Release;
		};
		A57B9ABC2822C33C00F93329 /* Build configuration list for PBXNativeTarget "Reciptopia" */ = {
			isa = XCConfigurationList;
			buildConfigurations = (
				A57B9ABD2822C33C00F93329 /* Debug */,
				A57B9ABE2822C33C00F93329 /* Release */,
			);
			defaultConfigurationIsVisible = 0;
			defaultConfigurationName = Release;
		};
/* End XCConfigurationList section */

/* Begin XCRemoteSwiftPackageReference section */
		A5078DED28249DC000CBC26B /* XCRemoteSwiftPackageReference "RxSwift" */ = {
			isa = XCRemoteSwiftPackageReference;
			repositoryURL = "https://github.com/ReactiveX/RxSwift";
			requirement = {
				kind = upToNextMajorVersion;
				minimumVersion = 6.0.0;
			};
		};
/* End XCRemoteSwiftPackageReference section */

/* Begin XCSwiftPackageProductDependency section */
		A5078DEE28249DC000CBC26B /* RxRelay */ = {
			isa = XCSwiftPackageProductDependency;
			package = A5078DED28249DC000CBC26B /* XCRemoteSwiftPackageReference "RxSwift" */;
			productName = RxRelay;
		};
		A5078DF028249DC000CBC26B /* RxSwift */ = {
			isa = XCSwiftPackageProductDependency;
			package = A5078DED28249DC000CBC26B /* XCRemoteSwiftPackageReference "RxSwift" */;
			productName = RxSwift;
		};
		A5078DF62824A35700CBC26B /* RxCocoa */ = {
			isa = XCSwiftPackageProductDependency;
			package = A5078DED28249DC000CBC26B /* XCRemoteSwiftPackageReference "RxSwift" */;
			productName = RxCocoa;
		};
/* End XCSwiftPackageProductDependency section */
	};
	rootObject = A57B9AA02822C33B00F93329 /* Project object */;
}
